
Microsoft Visual Studio Solution File, Format Version 12.00
# Visual Studio 15
VisualStudioVersion = 15.0.27428.2015
MinimumVisualStudioVersion = 10.0.40219.1
Project("{FAE04EC0-301F-11D3-BF4B-00C04F79EFBC}") = "Text", "Text\Text.csproj", "{6777D48D-714E-4969-A787-85DDFE859FFA}"
EndProject
Project("{FAE04EC0-301F-11D3-BF4B-00C04F79EFBC}") = "Text2", "Text2\Text2.csproj", "{DF5B5E30-30C9-44A8-851D-0246358E8D50}"
EndProject
Project("{FAE04EC0-301F-11D3-BF4B-00C04F79EFBC}") = "Test3", "Test3\Test3.csproj", "{9A1BA65F-004C-4071-87D4-753D184A0E85}"
EndProject
Project("{FAE04EC0-301F-11D3-BF4B-00C04F79EFBC}") = "Test4", "Test4\Test4.csproj", "{6ADDAC5A-E59D-4993-8B2E-5A27B0B02D01}"
EndProject
Project("{FAE04EC0-301F-11D3-BF4B-00C04F79EFBC}") = "TestObservers", "TestObservers\TestObservers.csproj", "{15BAD3C2-4BCC-4B00-B5D9-98CB87A3C08F}"
EndProject
Global
	GlobalSection(SolutionConfigurationPlatforms) = preSolution
		Debug|Any CPU = Debug|Any CPU
		Release|Any CPU = Release|Any CPU
	EndGlobalSection
	GlobalSection(ProjectConfigurationPlatforms) = postSolution
		{6777D48D-714E-4969-A787-85DDFE859FFA}.Debug|Any CPU.ActiveCfg = Debug|Any CPU
		{6777D48D-714E-4969-A787-85DDFE859FFA}.Debug|Any CPU.Build.0 = Debug|Any CPU
		{6777D48D-714E-4969-A787-85DDFE859FFA}.Release|Any CPU.ActiveCfg = Release|Any CPU
		{6777D48D-714E-4969-A787-85DDFE859FFA}.Release|Any CPU.Build.0 = Release|Any CPU
		{DF5B5E30-30C9-44A8-851D-0246358E8D50}.Debug|Any CPU.ActiveCfg = Debug|Any CPU
		{DF5B5E30-30C9-44A8-851D-0246358E8D50}.Debug|Any CPU.Build.0 = Debug|Any CPU
		{DF5B5E30-30C9-44A8-851D-0246358E8D50}.Release|Any CPU.ActiveCfg = Release|Any CPU
		{DF5B5E30-30C9-44A8-851D-0246358E8D50}.Release|Any CPU.Build.0 = Release|Any CPU
		{9A1BA65F-004C-4071-87D4-753D184A0E85}.Debug|Any CPU.ActiveCfg = Debug|Any CPU
		{9A1BA65F-004C-4071-87D4-753D184A0E85}.Debug|Any CPU.Build.0 = Debug|Any CPU
		{9A1BA65F-004C-4071-87D4-753D184A0E85}.Release|Any CPU.ActiveCfg = Release|Any CPU
		{9A1BA65F-004C-4071-87D4-753D184A0E85}.Release|Any CPU.Build.0 = Release|Any CPU
		{6ADDAC5A-E59D-4993-8B2E-5A27B0B02D01}.Debug|Any CPU.ActiveCfg = Debug|Any CPU
		{6ADDAC5A-E59D-4993-8B2E-5A27B0B02D01}.Debug|Any CPU.Build.0 = Debug|Any CPU
		{6ADDAC5A-E59D-4993-8B2E-5A27B0B02D01}.Release|Any CPU.ActiveCfg = Release|Any CPU
		{6ADDAC5A-E59D-4993-8B2E-5A27B0B02D01}.Release|Any CPU.Build.0 = Release|Any CPU
		{15BAD3C2-4BCC-4B00-B5D9-98CB87A3C08F}.Debug|Any CPU.ActiveCfg = Debug|Any CPU
		{15BAD3C2-4BCC-4B00-B5D9-98CB87A3C08F}.Debug|Any CPU.Build.0 = Debug|Any CPU
		{15BAD3C2-4BCC-4B00-B5D9-98CB87A3C08F}.Release|Any CPU.ActiveCfg = Release|Any CPU
		{15BAD3C2-4BCC-4B00-B5D9-98CB87A3C08F}.Release|Any CPU.Build.0 = Release|Any CPU
	EndGlobalSection
	GlobalSection(SolutionProperties) = preSolution
		HideSolutionNode = FALSE
	EndGlobalSection
	GlobalSection(ExtensibilityGlobals) = postSolution
		SolutionGuid = {FBE9AFB4-12C3-4406-98AB-1A58AB7A2ECF}
	EndGlobalSection
EndGlobal
