
Microsoft Visual Studio Solution File, Format Version 12.00
# Visual Studio 15
VisualStudioVersion = 15.0.27428.2015
MinimumVisualStudioVersion = 10.0.40219.1
Project("{FAE04EC0-301F-11D3-BF4B-00C04F79EFBC}") = "MyuserInfo", "MyuserInfo\MyuserInfo.csproj", "{4EDB401D-4C12-4A26-9178-F33A72A1B603}"
EndProject
Global
	GlobalSection(SolutionConfigurationPlatforms) = preSolution
		Debug|Any CPU = Debug|Any CPU
		Release|Any CPU = Release|Any CPU
	EndGlobalSection
	GlobalSection(ProjectConfigurationPlatforms) = postSolution
		{4EDB401D-4C12-4A26-9178-F33A72A1B603}.Debug|Any CPU.ActiveCfg = Debug|Any CPU
		{4EDB401D-4C12-4A26-9178-F33A72A1B603}.Debug|Any CPU.Build.0 = Debug|Any CPU
		{4EDB401D-4C12-4A26-9178-F33A72A1B603}.Release|Any CPU.ActiveCfg = Release|Any CPU
		{4EDB401D-4C12-4A26-9178-F33A72A1B603}.Release|Any CPU.Build.0 = Release|Any CPU
	EndGlobalSection
	GlobalSection(SolutionProperties) = preSolution
		HideSolutionNode = FALSE
	EndGlobalSection
	GlobalSection(ExtensibilityGlobals) = postSolution
		SolutionGuid = {E75E0C8A-CEBA-440C-9A3A-093957AB3909}
	EndGlobalSection
EndGlobal
