
Microsoft Visual Studio Solution File, Format Version 12.00
# Visual Studio 15
VisualStudioVersion = 15.0.27428.2015
MinimumVisualStudioVersion = 10.0.40219.1
Project("{FAE04EC0-301F-11D3-BF4B-00C04F79EFBC}") = "Dal", "Dal\Dal.csproj", "{0EF523C3-44F0-41E6-A2FB-7C64BB34DB3E}"
EndProject
Global
	GlobalSection(SolutionConfigurationPlatforms) = preSolution
		Debug|Any CPU = Debug|Any CPU
		Release|Any CPU = Release|Any CPU
	EndGlobalSection
	GlobalSection(ProjectConfigurationPlatforms) = postSolution
		{0EF523C3-44F0-41E6-A2FB-7C64BB34DB3E}.Debug|Any CPU.ActiveCfg = Debug|Any CPU
		{0EF523C3-44F0-41E6-A2FB-7C64BB34DB3E}.Debug|Any CPU.Build.0 = Debug|Any CPU
		{0EF523C3-44F0-41E6-A2FB-7C64BB34DB3E}.Release|Any CPU.ActiveCfg = Release|Any CPU
		{0EF523C3-44F0-41E6-A2FB-7C64BB34DB3E}.Release|Any CPU.Build.0 = Release|Any CPU
	EndGlobalSection
	GlobalSection(SolutionProperties) = preSolution
		HideSolutionNode = FALSE
	EndGlobalSection
	GlobalSection(ExtensibilityGlobals) = postSolution
		SolutionGuid = {BE5CBF86-D4FE-4360-B9F6-5805CE82C346}
	EndGlobalSection
EndGlobal
